
Microsoft Visual Studio Solution File, Format Version 12.00
# Visual Studio Version 16
VisualStudioVersion = 16.0.30104.148
MinimumVisualStudioVersion = 10.0.40219.1
Project("{8BC9CEB8-8B4A-11D0-8D11-00A0C91BC942}") = "ARMA_GARCH_Model", "ARMA_GARCH_Model.vcxproj", "{962F505C-2BE7-481B-A820-E6F7C2C05CFF}"
EndProject
Global
	GlobalSection(SolutionConfigurationPlatforms) = preSolution
		Debug|x64 = Debug|x64
		Debug|x86 = Debug|x86
		Release|x64 = Release|x64
		Release|x86 = Release|x86
	EndGlobalSection
	GlobalSection(ProjectConfigurationPlatforms) = postSolution
		{962F505C-2BE7-481B-A820-E6F7C2C05CFF}.Debug|x64.ActiveCfg = Debug|x64
		{962F505C-2BE7-481B-A820-E6F7C2C05CFF}.Debug|x64.Build.0 = Debug|x64
		{962F505C-2BE7-481B-A820-E6F7C2C05CFF}.Debug|x86.ActiveCfg = Debug|Win32
		{962F505C-2BE7-481B-A820-E6F7C2C05CFF}.Debug|x86.Build.0 = Debug|Win32
		{962F505C-2BE7-481B-A820-E6F7C2C05CFF}.Release|x64.ActiveCfg = Release|x64
		{962F505C-2BE7-481B-A820-E6F7C2C05CFF}.Release|x64.Build.0 = Release|x64
		{962F505C-2BE7-481B-A820-E6F7C2C05CFF}.Release|x86.ActiveCfg = Release|Win32
		{962F505C-2BE7-481B-A820-E6F7C2C05CFF}.Release|x86.Build.0 = Release|Win32
	EndGlobalSection
	GlobalSection(SolutionProperties) = preSolution
		HideSolutionNode = FALSE
	EndGlobalSection
	GlobalSection(ExtensibilityGlobals) = postSolution
		SolutionGuid = {F6C73CD9-D9AD-4182-8422-0F4F1836867D}
	EndGlobalSection
EndGlobal
